
Microsoft Visual Studio Solution File, Format Version 12.00
# Visual Studio Version 17
VisualStudioVersion = 17.4.33103.184
MinimumVisualStudioVersion = 10.0.40219.1
Project("{9A19103F-16F7-4668-BE54-9A1E7A4F7556}") = "AdventOfCode", "AdventOfCode\AdventOfCode.csproj", "{98C771CC-206E-4DB2-955D-0C7D5239E758}"
EndProject
Project("{9A19103F-16F7-4668-BE54-9A1E7A4F7556}") = "Day1", "Day1\Day1.csproj", "{ECAB66A8-43A8-4669-9A8E-4D14C4C5BDCF}"
EndProject
Project("{9A19103F-16F7-4668-BE54-9A1E7A4F7556}") = "Day2", "Day2\Day2.csproj", "{2E92247E-38D3-4875-A9D5-5B4D3D0C813F}"
EndProject
Project("{FAE04EC0-301F-11D3-BF4B-00C04F79EFBC}") = "Day3", "Day3\Day3.csproj", "{BC11A93A-1DBF-462D-A9D3-A7E24907E89A}"
EndProject
Global
	GlobalSection(SolutionConfigurationPlatforms) = preSolution
		Debug|Any CPU = Debug|Any CPU
		Release|Any CPU = Release|Any CPU
	EndGlobalSection
	GlobalSection(ProjectConfigurationPlatforms) = postSolution
		{98C771CC-206E-4DB2-955D-0C7D5239E758}.Debug|Any CPU.ActiveCfg = Debug|Any CPU
		{98C771CC-206E-4DB2-955D-0C7D5239E758}.Debug|Any CPU.Build.0 = Debug|Any CPU
		{98C771CC-206E-4DB2-955D-0C7D5239E758}.Release|Any CPU.ActiveCfg = Release|Any CPU
		{98C771CC-206E-4DB2-955D-0C7D5239E758}.Release|Any CPU.Build.0 = Release|Any CPU
		{ECAB66A8-43A8-4669-9A8E-4D14C4C5BDCF}.Debug|Any CPU.ActiveCfg = Debug|Any CPU
		{ECAB66A8-43A8-4669-9A8E-4D14C4C5BDCF}.Debug|Any CPU.Build.0 = Debug|Any CPU
		{ECAB66A8-43A8-4669-9A8E-4D14C4C5BDCF}.Release|Any CPU.ActiveCfg = Release|Any CPU
		{ECAB66A8-43A8-4669-9A8E-4D14C4C5BDCF}.Release|Any CPU.Build.0 = Release|Any CPU
		{2E92247E-38D3-4875-A9D5-5B4D3D0C813F}.Debug|Any CPU.ActiveCfg = Debug|Any CPU
		{2E92247E-38D3-4875-A9D5-5B4D3D0C813F}.Debug|Any CPU.Build.0 = Debug|Any CPU
		{2E92247E-38D3-4875-A9D5-5B4D3D0C813F}.Release|Any CPU.ActiveCfg = Release|Any CPU
		{2E92247E-38D3-4875-A9D5-5B4D3D0C813F}.Release|Any CPU.Build.0 = Release|Any CPU
		{BC11A93A-1DBF-462D-A9D3-A7E24907E89A}.Debug|Any CPU.ActiveCfg = Debug|Any CPU
		{BC11A93A-1DBF-462D-A9D3-A7E24907E89A}.Debug|Any CPU.Build.0 = Debug|Any CPU
		{BC11A93A-1DBF-462D-A9D3-A7E24907E89A}.Release|Any CPU.ActiveCfg = Release|Any CPU
		{BC11A93A-1DBF-462D-A9D3-A7E24907E89A}.Release|Any CPU.Build.0 = Release|Any CPU
	EndGlobalSection
	GlobalSection(SolutionProperties) = preSolution
		HideSolutionNode = FALSE
	EndGlobalSection
	GlobalSection(ExtensibilityGlobals) = postSolution
		SolutionGuid = {52BF574B-C383-42DB-90A0-057E5D54B79A}
	EndGlobalSection
EndGlobal
